{
  "name": "app",
  "version": "1.0.0",
  "lockfileVersion": 3,
  "requires": true,
  "packages": {
    "": {
      "name": "app",
      "version": "1.0.0",
      "license": "ISC",
      "dependencies": {
        "lion-lib-09000": "^1.0.0"
      }
    },
    "node_modules/lion-lib-09000": {
      "version": "1.1.0",
      "resolved": "https://registry.npmjs.org/lion-lib-09000/-/lion-lib-09000-1.1.0.tgz",
      "integrity": "sha512-WgdF6ukkpSTflU/11ZDxD1YXA6KkyUdok2HjW/uficaX4CkAs6g5h4ps5vz1mA7t5p+YFdDKzi2PnJLvm0tyuA==",
      "license": "ISC"
    }
  }
}
