{
  "name": "app",
  "version": "1.0.0",
  "lockfileVersion": 3,
  "requires": true,
  "packages": {
    "": {
      "name": "app",
      "version": "1.0.0",
      "license": "ISC",
      "dependencies": {
        "lion-lib-09000": "^1.0.0"
      }
    },
    "node_modules/lion-lib-09000": {
      "version": "1.0.0",
      "resolved": "https://registry.npmjs.org/lion-lib-09000/-/lion-lib-09000-1.0.0.tgz",
      "integrity": "sha512-nBdi7XJbH1j91+fO9SVjSYK/S2iRwde05yREAuSBpkal4WV+yRne//9Jtzcwp0Po6GnIFScpr6tXJkEs/wViPg==",
      "license": "ISC"
    }
  }
}
